// !$*UTF8*$!
{
	archiveVersion = 1;
	classes = {
	};
	objectVersion = 56;
	objects = {

/* Begin PBXBuildFile section */
		320E68F229EAF27800A27FD0 /* xpApp.swift in Sources */ = {isa = PBXBuildFile; fileRef = 320E68F129EAF27800A27FD0 /* xpApp.swift */; };
		320E68F429EAF27800A27FD0 /* ContentView.swift in Sources */ = {isa = PBXBuildFile; fileRef = 320E68F329EAF27800A27FD0 /* ContentView.swift */; };
		320E68F629EAF27900A27FD0 /* Assets.xcassets in Resources */ = {isa = PBXBuildFile; fileRef = 320E68F529EAF27900A27FD0 /* Assets.xcassets */; };
		320E68F929EAF27900A27FD0 /* Preview Assets.xcassets in Resources */ = {isa = PBXBuildFile; fileRef = 320E68F829EAF27900A27FD0 /* Preview Assets.xcassets */; };
		320E690229EAF61A00A27FD0 /* SignUpUsernameView.swift in Sources */ = {isa = PBXBuildFile; fileRef = 320E690129EAF61A00A27FD0 /* SignUpUsernameView.swift */; };
		320E690429EB011D00A27FD0 /* LoginView.swift in Sources */ = {isa = PBXBuildFile; fileRef = 320E690329EB011D00A27FD0 /* LoginView.swift */; };
		320E690629EB01B200A27FD0 /* SkillsView.swift in Sources */ = {isa = PBXBuildFile; fileRef = 320E690529EB01B200A27FD0 /* SkillsView.swift */; };
		320E690829EB060400A27FD0 /* Coordinator.swift in Sources */ = {isa = PBXBuildFile; fileRef = 320E690729EB060400A27FD0 /* Coordinator.swift */; };
		32AEDFA929EB3A2200D2CEB5 /* Shake.swift in Sources */ = {isa = PBXBuildFile; fileRef = 32AEDFA829EB3A2200D2CEB5 /* Shake.swift */; };
		32AEDFAB29EB3D2C00D2CEB5 /* Validators.swift in Sources */ = {isa = PBXBuildFile; fileRef = 32AEDFAA29EB3D2C00D2CEB5 /* Validators.swift */; };
		32AEDFAD29EB64C200D2CEB5 /* SignUpPasswordView.swift in Sources */ = {isa = PBXBuildFile; fileRef = 32AEDFAC29EB64C200D2CEB5 /* SignUpPasswordView.swift */; };
		32AEDFB529EB97D600D2CEB5 /* PasswordSubmitButtonView.swift in Sources */ = {isa = PBXBuildFile; fileRef = 32AEDFB429EB97D600D2CEB5 /* PasswordSubmitButtonView.swift */; };
		32AEDFB729EC4AA600D2CEB5 /* Constants.swift in Sources */ = {isa = PBXBuildFile; fileRef = 32AEDFB629EC4AA600D2CEB5 /* Constants.swift */; };
		32AEDFB929EC4BFF00D2CEB5 /* MinimumPasswordLengthView.swift in Sources */ = {isa = PBXBuildFile; fileRef = 32AEDFB829EC4BFF00D2CEB5 /* MinimumPasswordLengthView.swift */; };
		32AEDFBB29EC4E3B00D2CEB5 /* PasswordSpecialCharacterCheckView.swift in Sources */ = {isa = PBXBuildFile; fileRef = 32AEDFBA29EC4E3B00D2CEB5 /* PasswordSpecialCharacterCheckView.swift */; };
/* End PBXBuildFile section */

/* Begin PBXFileReference section */
		320E68EE29EAF27800A27FD0 /* xp.app */ = {isa = PBXFileReference; explicitFileType = wrapper.application; includeInIndex = 0; path = xp.app; sourceTree = BUILT_PRODUCTS_DIR; };
		320E68F129EAF27800A27FD0 /* xpApp.swift */ = {isa = PBXFileReference; lastKnownFileType = sourcecode.swift; path = xpApp.swift; sourceTree = "<group>"; };
		320E68F329EAF27800A27FD0 /* ContentView.swift */ = {isa = PBXFileReference; lastKnownFileType = sourcecode.swift; path = ContentView.swift; sourceTree = "<group>"; };
		320E68F529EAF27900A27FD0 /* Assets.xcassets */ = {isa = PBXFileReference; lastKnownFileType = folder.assetcatalog; path = Assets.xcassets; sourceTree = "<group>"; };
		320E68F829EAF27900A27FD0 /* Preview Assets.xcassets */ = {isa = PBXFileReference; lastKnownFileType = folder.assetcatalog; path = "Preview Assets.xcassets"; sourceTree = "<group>"; };
		320E690129EAF61A00A27FD0 /* SignUpUsernameView.swift */ = {isa = PBXFileReference; lastKnownFileType = sourcecode.swift; path = SignUpUsernameView.swift; sourceTree = "<group>"; };
		320E690329EB011D00A27FD0 /* LoginView.swift */ = {isa = PBXFileReference; lastKnownFileType = sourcecode.swift; path = LoginView.swift; sourceTree = "<group>"; };
		320E690529EB01B200A27FD0 /* SkillsView.swift */ = {isa = PBXFileReference; lastKnownFileType = sourcecode.swift; path = SkillsView.swift; sourceTree = "<group>"; };
		320E690729EB060400A27FD0 /* Coordinator.swift */ = {isa = PBXFileReference; lastKnownFileType = sourcecode.swift; path = Coordinator.swift; sourceTree = "<group>"; };
		32AEDFA829EB3A2200D2CEB5 /* Shake.swift */ = {isa = PBXFileReference; lastKnownFileType = sourcecode.swift; path = Shake.swift; sourceTree = "<group>"; };
		32AEDFAA29EB3D2C00D2CEB5 /* Validators.swift */ = {isa = PBXFileReference; lastKnownFileType = sourcecode.swift; path = Validators.swift; sourceTree = "<group>"; };
		32AEDFAC29EB64C200D2CEB5 /* SignUpPasswordView.swift */ = {isa = PBXFileReference; lastKnownFileType = sourcecode.swift; path = SignUpPasswordView.swift; sourceTree = "<group>"; };
		32AEDFB429EB97D600D2CEB5 /* PasswordSubmitButtonView.swift */ = {isa = PBXFileReference; lastKnownFileType = sourcecode.swift; path = PasswordSubmitButtonView.swift; sourceTree = "<group>"; };
		32AEDFB629EC4AA600D2CEB5 /* Constants.swift */ = {isa = PBXFileReference; lastKnownFileType = sourcecode.swift; path = Constants.swift; sourceTree = "<group>"; };
		32AEDFB829EC4BFF00D2CEB5 /* MinimumPasswordLengthView.swift */ = {isa = PBXFileReference; lastKnownFileType = sourcecode.swift; path = MinimumPasswordLengthView.swift; sourceTree = "<group>"; };
		32AEDFBA29EC4E3B00D2CEB5 /* PasswordSpecialCharacterCheckView.swift */ = {isa = PBXFileReference; lastKnownFileType = sourcecode.swift; path = PasswordSpecialCharacterCheckView.swift; sourceTree = "<group>"; };
/* End PBXFileReference section */

/* Begin PBXFrameworksBuildPhase section */
		320E68EB29EAF27800A27FD0 /* Frameworks */ = {
			isa = PBXFrameworksBuildPhase;
			buildActionMask = 2147483647;
			files = (
			);
			runOnlyForDeploymentPostprocessing = 0;
		};
/* End PBXFrameworksBuildPhase section */

/* Begin PBXGroup section */
		320E68E529EAF27800A27FD0 = {
			isa = PBXGroup;
			children = (
				320E68F029EAF27800A27FD0 /* xp */,
				320E68EF29EAF27800A27FD0 /* Products */,
			);
			sourceTree = "<group>";
		};
		320E68EF29EAF27800A27FD0 /* Products */ = {
			isa = PBXGroup;
			children = (
				320E68EE29EAF27800A27FD0 /* xp.app */,
			);
			name = Products;
			sourceTree = "<group>";
		};
		320E68F029EAF27800A27FD0 /* xp */ = {
			isa = PBXGroup;
			children = (
				32AEDFB329EB969800D2CEB5 /* SignUp */,
				32AEDFAE29EB93C900D2CEB5 /* Validators */,
				320E690329EB011D00A27FD0 /* LoginView.swift */,
				320E68F129EAF27800A27FD0 /* xpApp.swift */,
				320E690529EB01B200A27FD0 /* SkillsView.swift */,
				320E690729EB060400A27FD0 /* Coordinator.swift */,
				320E68F329EAF27800A27FD0 /* ContentView.swift */,
				32AEDFA829EB3A2200D2CEB5 /* Shake.swift */,
				320E68F529EAF27900A27FD0 /* Assets.xcassets */,
				320E68F729EAF27900A27FD0 /* Preview Content */,
			);
			path = xp;
			sourceTree = "<group>";
		};
		320E68F729EAF27900A27FD0 /* Preview Content */ = {
			isa = PBXGroup;
			children = (
				320E68F829EAF27900A27FD0 /* Preview Assets.xcassets */,
			);
			path = "Preview Content";
			sourceTree = "<group>";
		};
		32AEDFAE29EB93C900D2CEB5 /* Validators */ = {
			isa = PBXGroup;
			children = (
				32AEDFAA29EB3D2C00D2CEB5 /* Validators.swift */,
				32AEDFB629EC4AA600D2CEB5 /* Constants.swift */,
			);
			path = Validators;
			sourceTree = "<group>";
		};
		32AEDFB329EB969800D2CEB5 /* SignUp */ = {
			isa = PBXGroup;
			children = (
				320E690129EAF61A00A27FD0 /* SignUpUsernameView.swift */,
				32AEDFAC29EB64C200D2CEB5 /* SignUpPasswordView.swift */,
				32AEDFB429EB97D600D2CEB5 /* PasswordSubmitButtonView.swift */,
				32AEDFB829EC4BFF00D2CEB5 /* MinimumPasswordLengthView.swift */,
				32AEDFBA29EC4E3B00D2CEB5 /* PasswordSpecialCharacterCheckView.swift */,
			);
			path = SignUp;
			sourceTree = "<group>";
		};
/* End PBXGroup section */

/* Begin PBXNativeTarget section */
		320E68ED29EAF27800A27FD0 /* xp */ = {
			isa = PBXNativeTarget;
			buildConfigurationList = 320E68FC29EAF27900A27FD0 /* Build configuration list for PBXNativeTarget "xp" */;
			buildPhases = (
				320E68EA29EAF27800A27FD0 /* Sources */,
				320E68EB29EAF27800A27FD0 /* Frameworks */,
				320E68EC29EAF27800A27FD0 /* Resources */,
			);
			buildRules = (
			);
			dependencies = (
			);
			name = xp;
			productName = xp;
			productReference = 320E68EE29EAF27800A27FD0 /* xp.app */;
			productType = "com.apple.product-type.application";
		};
/* End PBXNativeTarget section */

/* Begin PBXProject section */
		320E68E629EAF27800A27FD0 /* Project object */ = {
			isa = PBXProject;
			attributes = {
				BuildIndependentTargetsInParallel = 1;
				LastSwiftUpdateCheck = 1430;
				LastUpgradeCheck = 1430;
				TargetAttributes = {
					320E68ED29EAF27800A27FD0 = {
						CreatedOnToolsVersion = 14.3;
					};
				};
			};
			buildConfigurationList = 320E68E929EAF27800A27FD0 /* Build configuration list for PBXProject "xp" */;
			compatibilityVersion = "Xcode 14.0";
			developmentRegion = en;
			hasScannedForEncodings = 0;
			knownRegions = (
				en,
				Base,
			);
			mainGroup = 320E68E529EAF27800A27FD0;
			productRefGroup = 320E68EF29EAF27800A27FD0 /* Products */;
			projectDirPath = "";
			projectRoot = "";
			targets = (
				320E68ED29EAF27800A27FD0 /* xp */,
			);
		};
/* End PBXProject section */

/* Begin PBXResourcesBuildPhase section */
		320E68EC29EAF27800A27FD0 /* Resources */ = {
			isa = PBXResourcesBuildPhase;
			buildActionMask = 2147483647;
			files = (
				320E68F929EAF27900A27FD0 /* Preview Assets.xcassets in Resources */,
				320E68F629EAF27900A27FD0 /* Assets.xcassets in Resources */,
			);
			runOnlyForDeploymentPostprocessing = 0;
		};
/* End PBXResourcesBuildPhase section */

/* Begin PBXSourcesBuildPhase section */
		320E68EA29EAF27800A27FD0 /* Sources */ = {
			isa = PBXSourcesBuildPhase;
			buildActionMask = 2147483647;
			files = (
				32AEDFA929EB3A2200D2CEB5 /* Shake.swift in Sources */,
				320E690829EB060400A27FD0 /* Coordinator.swift in Sources */,
				32AEDFAD29EB64C200D2CEB5 /* SignUpPasswordView.swift in Sources */,
				32AEDFB529EB97D600D2CEB5 /* PasswordSubmitButtonView.swift in Sources */,
				320E68F429EAF27800A27FD0 /* ContentView.swift in Sources */,
				32AEDFB729EC4AA600D2CEB5 /* Constants.swift in Sources */,
				320E690629EB01B200A27FD0 /* SkillsView.swift in Sources */,
				32AEDFAB29EB3D2C00D2CEB5 /* Validators.swift in Sources */,
				320E690229EAF61A00A27FD0 /* SignUpUsernameView.swift in Sources */,
				320E690429EB011D00A27FD0 /* LoginView.swift in Sources */,
				32AEDFB929EC4BFF00D2CEB5 /* MinimumPasswordLengthView.swift in Sources */,
				32AEDFBB29EC4E3B00D2CEB5 /* PasswordSpecialCharacterCheckView.swift in Sources */,
				320E68F229EAF27800A27FD0 /* xpApp.swift in Sources */,
			);
			runOnlyForDeploymentPostprocessing = 0;
		};
/* End PBXSourcesBuildPhase section */

/* Begin XCBuildConfiguration section */
		320E68FA29EAF27900A27FD0 /* Debug */ = {
			isa = XCBuildConfiguration;
			buildSettings = {
				ALWAYS_SEARCH_USER_PATHS = NO;
				CLANG_ANALYZER_NONNULL = YES;
				CLANG_ANALYZER_NUMBER_OBJECT_CONVERSION = YES_AGGRESSIVE;
				CLANG_CXX_LANGUAGE_STANDARD = "gnu++20";
				CLANG_ENABLE_MODULES = YES;
				CLANG_ENABLE_OBJC_ARC = YES;
				CLANG_ENABLE_OBJC_WEAK = YES;
				CLANG_WARN_BLOCK_CAPTURE_AUTORELEASING = YES;
				CLANG_WARN_BOOL_CONVERSION = YES;
				CLANG_WARN_COMMA = YES;
				CLANG_WARN_CONSTANT_CONVERSION = YES;
				CLANG_WARN_DEPRECATED_OBJC_IMPLEMENTATIONS = YES;
				CLANG_WARN_DIRECT_OBJC_ISA_USAGE = YES_ERROR;
				CLANG_WARN_DOCUMENTATION_COMMENTS = YES;
				CLANG_WARN_EMPTY_BODY = YES;
				CLANG_WARN_ENUM_CONVERSION = YES;
				CLANG_WARN_INFINITE_RECURSION = YES;
				CLANG_WARN_INT_CONVERSION = YES;
				CLANG_WARN_NON_LITERAL_NULL_CONVERSION = YES;
				CLANG_WARN_OBJC_IMPLICIT_RETAIN_SELF = YES;
				CLANG_WARN_OBJC_LITERAL_CONVERSION = YES;
				CLANG_WARN_OBJC_ROOT_CLASS = YES_ERROR;
				CLANG_WARN_QUOTED_INCLUDE_IN_FRAMEWORK_HEADER = YES;
				CLANG_WARN_RANGE_LOOP_ANALYSIS = YES;
				CLANG_WARN_STRICT_PROTOTYPES = YES;
				CLANG_WARN_SUSPICIOUS_MOVE = YES;
				CLANG_WARN_UNGUARDED_AVAILABILITY = YES_AGGRESSIVE;
				CLANG_WARN_UNREACHABLE_CODE = YES;
				CLANG_WARN__DUPLICATE_METHOD_MATCH = YES;
				COPY_PHASE_STRIP = NO;
				DEBUG_INFORMATION_FORMAT = dwarf;
				ENABLE_STRICT_OBJC_MSGSEND = YES;
				ENABLE_TESTABILITY = YES;
				GCC_C_LANGUAGE_STANDARD = gnu11;
				GCC_DYNAMIC_NO_PIC = NO;
				GCC_NO_COMMON_BLOCKS = YES;
				GCC_OPTIMIZATION_LEVEL = 0;
				GCC_PREPROCESSOR_DEFINITIONS = (
					"DEBUG=1",
					"$(inherited)",
				);
				GCC_WARN_64_TO_32_BIT_CONVERSION = YES;
				GCC_WARN_ABOUT_RETURN_TYPE = YES_ERROR;
				GCC_WARN_UNDECLARED_SELECTOR = YES;
				GCC_WARN_UNINITIALIZED_AUTOS = YES_AGGRESSIVE;
				GCC_WARN_UNUSED_FUNCTION = YES;
				GCC_WARN_UNUSED_VARIABLE = YES;
				IPHONEOS_DEPLOYMENT_TARGET = 16.4;
				MTL_ENABLE_DEBUG_INFO = INCLUDE_SOURCE;
				MTL_FAST_MATH = YES;
				ONLY_ACTIVE_ARCH = YES;
				SDKROOT = iphoneos;
				SWIFT_ACTIVE_COMPILATION_CONDITIONS = DEBUG;
				SWIFT_OPTIMIZATION_LEVEL = "-Onone";
			};
			name = Debug;
		};
		320E68FB29EAF27900A27FD0 /* Release */ = {
			isa = XCBuildConfiguration;
			buildSettings = {
				ALWAYS_SEARCH_USER_PATHS = NO;
				CLANG_ANALYZER_NONNULL = YES;
				CLANG_ANALYZER_NUMBER_OBJECT_CONVERSION = YES_AGGRESSIVE;
				CLANG_CXX_LANGUAGE_STANDARD = "gnu++20";
				CLANG_ENABLE_MODULES = YES;
				CLANG_ENABLE_OBJC_ARC = YES;
				CLANG_ENABLE_OBJC_WEAK = YES;
				CLANG_WARN_BLOCK_CAPTURE_AUTORELEASING = YES;
				CLANG_WARN_BOOL_CONVERSION = YES;
				CLANG_WARN_COMMA = YES;
				CLANG_WARN_CONSTANT_CONVERSION = YES;
				CLANG_WARN_DEPRECATED_OBJC_IMPLEMENTATIONS = YES;
				CLANG_WARN_DIRECT_OBJC_ISA_USAGE = YES_ERROR;
				CLANG_WARN_DOCUMENTATION_COMMENTS = YES;
				CLANG_WARN_EMPTY_BODY = YES;
				CLANG_WARN_ENUM_CONVERSION = YES;
				CLANG_WARN_INFINITE_RECURSION = YES;
				CLANG_WARN_INT_CONVERSION = YES;
				CLANG_WARN_NON_LITERAL_NULL_CONVERSION = YES;
				CLANG_WARN_OBJC_IMPLICIT_RETAIN_SELF = YES;
				CLANG_WARN_OBJC_LITERAL_CONVERSION = YES;
				CLANG_WARN_OBJC_ROOT_CLASS = YES_ERROR;
				CLANG_WARN_QUOTED_INCLUDE_IN_FRAMEWORK_HEADER = YES;
				CLANG_WARN_RANGE_LOOP_ANALYSIS = YES;
				CLANG_WARN_STRICT_PROTOTYPES = YES;
				CLANG_WARN_SUSPICIOUS_MOVE = YES;
				CLANG_WARN_UNGUARDED_AVAILABILITY = YES_AGGRESSIVE;
				CLANG_WARN_UNREACHABLE_CODE = YES;
				CLANG_WARN__DUPLICATE_METHOD_MATCH = YES;
				COPY_PHASE_STRIP = NO;
				DEBUG_INFORMATION_FORMAT = "dwarf-with-dsym";
				ENABLE_NS_ASSERTIONS = NO;
				ENABLE_STRICT_OBJC_MSGSEND = YES;
				GCC_C_LANGUAGE_STANDARD = gnu11;
				GCC_NO_COMMON_BLOCKS = YES;
				GCC_WARN_64_TO_32_BIT_CONVERSION = YES;
				GCC_WARN_ABOUT_RETURN_TYPE = YES_ERROR;
				GCC_WARN_UNDECLARED_SELECTOR = YES;
				GCC_WARN_UNINITIALIZED_AUTOS = YES_AGGRESSIVE;
				GCC_WARN_UNUSED_FUNCTION = YES;
				GCC_WARN_UNUSED_VARIABLE = YES;
				IPHONEOS_DEPLOYMENT_TARGET = 16.4;
				MTL_ENABLE_DEBUG_INFO = NO;
				MTL_FAST_MATH = YES;
				SDKROOT = iphoneos;
				SWIFT_COMPILATION_MODE = wholemodule;
				SWIFT_OPTIMIZATION_LEVEL = "-O";
				VALIDATE_PRODUCT = YES;
			};
			name = Release;
		};
		320E68FD29EAF27900A27FD0 /* Debug */ = {
			isa = XCBuildConfiguration;
			buildSettings = {
				ASSETCATALOG_COMPILER_APPICON_NAME = AppIcon;
				ASSETCATALOG_COMPILER_GLOBAL_ACCENT_COLOR_NAME = AccentColor;
				CODE_SIGN_STYLE = Automatic;
				CURRENT_PROJECT_VERSION = 1;
				DEVELOPMENT_ASSET_PATHS = "\"xp/Preview Content\"";
				ENABLE_PREVIEWS = YES;
				GENERATE_INFOPLIST_FILE = YES;
				INFOPLIST_KEY_UIApplicationSceneManifest_Generation = YES;
				INFOPLIST_KEY_UIApplicationSupportsIndirectInputEvents = YES;
				INFOPLIST_KEY_UILaunchScreen_Generation = YES;
				INFOPLIST_KEY_UISupportedInterfaceOrientations_iPad = "UIInterfaceOrientationPortrait UIInterfaceOrientationPortraitUpsideDown UIInterfaceOrientationLandscapeLeft UIInterfaceOrientationLandscapeRight";
				INFOPLIST_KEY_UISupportedInterfaceOrientations_iPhone = "UIInterfaceOrientationPortrait UIInterfaceOrientationLandscapeLeft UIInterfaceOrientationLandscapeRight";
				LD_RUNPATH_SEARCH_PATHS = (
					"$(inherited)",
					"@executable_path/Frameworks",
				);
				MARKETING_VERSION = 1.0;
				PRODUCT_BUNDLE_IDENTIFIER = lbw.xp;
				PRODUCT_NAME = "$(TARGET_NAME)";
				SWIFT_EMIT_LOC_STRINGS = YES;
				SWIFT_VERSION = 5.0;
				TARGETED_DEVICE_FAMILY = "1,2";
			};
			name = Debug;
		};
		320E68FE29EAF27900A27FD0 /* Release */ = {
			isa = XCBuildConfiguration;
			buildSettings = {
				ASSETCATALOG_COMPILER_APPICON_NAME = AppIcon;
				ASSETCATALOG_COMPILER_GLOBAL_ACCENT_COLOR_NAME = AccentColor;
				CODE_SIGN_STYLE = Automatic;
				CURRENT_PROJECT_VERSION = 1;
				DEVELOPMENT_ASSET_PATHS = "\"xp/Preview Content\"";
				ENABLE_PREVIEWS = YES;
				GENERATE_INFOPLIST_FILE = YES;
				INFOPLIST_KEY_UIApplicationSceneManifest_Generation = YES;
				INFOPLIST_KEY_UIApplicationSupportsIndirectInputEvents = YES;
				INFOPLIST_KEY_UILaunchScreen_Generation = YES;
				INFOPLIST_KEY_UISupportedInterfaceOrientations_iPad = "UIInterfaceOrientationPortrait UIInterfaceOrientationPortraitUpsideDown UIInterfaceOrientationLandscapeLeft UIInterfaceOrientationLandscapeRight";
				INFOPLIST_KEY_UISupportedInterfaceOrientations_iPhone = "UIInterfaceOrientationPortrait UIInterfaceOrientationLandscapeLeft UIInterfaceOrientationLandscapeRight";
				LD_RUNPATH_SEARCH_PATHS = (
					"$(inherited)",
					"@executable_path/Frameworks",
				);
				MARKETING_VERSION = 1.0;
				PRODUCT_BUNDLE_IDENTIFIER = lbw.xp;
				PRODUCT_NAME = "$(TARGET_NAME)";
				SWIFT_EMIT_LOC_STRINGS = YES;
				SWIFT_VERSION = 5.0;
				TARGETED_DEVICE_FAMILY = "1,2";
			};
			name = Release;
		};
/* End XCBuildConfiguration section */

/* Begin XCConfigurationList section */
		320E68E929EAF27800A27FD0 /* Build configuration list for PBXProject "xp" */ = {
			isa = XCConfigurationList;
			buildConfigurations = (
				320E68FA29EAF27900A27FD0 /* Debug */,
				320E68FB29EAF27900A27FD0 /* Release */,
			);
			defaultConfigurationIsVisible = 0;
			defaultConfigurationName = Release;
		};
		320E68FC29EAF27900A27FD0 /* Build configuration list for PBXNativeTarget "xp" */ = {
			isa = XCConfigurationList;
			buildConfigurations = (
				320E68FD29EAF27900A27FD0 /* Debug */,
				320E68FE29EAF27900A27FD0 /* Release */,
			);
			defaultConfigurationIsVisible = 0;
			defaultConfigurationName = Release;
		};
/* End XCConfigurationList section */
	};
	rootObject = 320E68E629EAF27800A27FD0 /* Project object */;
}
